
Microsoft Visual Studio Solution File, Format Version 12.00
# Visual Studio Version 17
VisualStudioVersion = 17.1.32328.378
MinimumVisualStudioVersion = 10.0.40219.1
Project("{9A19103F-16F7-4668-BE54-9A1E7A4F7556}") = "Grind75.Problems", "Grind75.Problems\Grind75.Problems.csproj", "{A619E8C8-6C4A-4FC9-B400-38341F1478E0}"
EndProject
Project("{9A19103F-16F7-4668-BE54-9A1E7A4F7556}") = "Grind75.Tests", "Grind75.Tests\Grind75.Tests.csproj", "{F26EEA3B-4EFF-4B34-8F79-B5839A2F05C7}"
EndProject
Project("{FAE04EC0-301F-11D3-BF4B-00C04F79EFBC}") = "Grind75.Tests.Benchmarking", "Grind75.Tests.Benchmarking\Grind75.Tests.Benchmarking.csproj", "{7EFD64D7-2119-4B73-8C0E-9995DD85B82E}"
EndProject
Project("{2150E333-8FDC-42A3-9474-1A3956D46DE8}") = "Solution Items", "Solution Items", "{CE6070F0-058F-49A6-AEB0-4FEACBA2AC58}"
	ProjectSection(SolutionItems) = preProject
		.editorconfig = .editorconfig
		.gitignore = .gitignore
	EndProjectSection
EndProject
Global
	GlobalSection(SolutionConfigurationPlatforms) = preSolution
		Debug|Any CPU = Debug|Any CPU
		Debug|x64 = Debug|x64
		Debug|x86 = Debug|x86
		Release|Any CPU = Release|Any CPU
		Release|x64 = Release|x64
		Release|x86 = Release|x86
	EndGlobalSection
	GlobalSection(ProjectConfigurationPlatforms) = postSolution
		{A619E8C8-6C4A-4FC9-B400-38341F1478E0}.Debug|Any CPU.ActiveCfg = Debug|Any CPU
		{A619E8C8-6C4A-4FC9-B400-38341F1478E0}.Debug|Any CPU.Build.0 = Debug|Any CPU
		{A619E8C8-6C4A-4FC9-B400-38341F1478E0}.Debug|x64.ActiveCfg = Debug|Any CPU
		{A619E8C8-6C4A-4FC9-B400-38341F1478E0}.Debug|x64.Build.0 = Debug|Any CPU
		{A619E8C8-6C4A-4FC9-B400-38341F1478E0}.Debug|x86.ActiveCfg = Debug|Any CPU
		{A619E8C8-6C4A-4FC9-B400-38341F1478E0}.Debug|x86.Build.0 = Debug|Any CPU
		{A619E8C8-6C4A-4FC9-B400-38341F1478E0}.Release|Any CPU.ActiveCfg = Release|Any CPU
		{A619E8C8-6C4A-4FC9-B400-38341F1478E0}.Release|Any CPU.Build.0 = Release|Any CPU
		{A619E8C8-6C4A-4FC9-B400-38341F1478E0}.Release|x64.ActiveCfg = Release|Any CPU
		{A619E8C8-6C4A-4FC9-B400-38341F1478E0}.Release|x64.Build.0 = Release|Any CPU
		{A619E8C8-6C4A-4FC9-B400-38341F1478E0}.Release|x86.ActiveCfg = Release|Any CPU
		{A619E8C8-6C4A-4FC9-B400-38341F1478E0}.Release|x86.Build.0 = Release|Any CPU
		{F26EEA3B-4EFF-4B34-8F79-B5839A2F05C7}.Debug|Any CPU.ActiveCfg = Debug|Any CPU
		{F26EEA3B-4EFF-4B34-8F79-B5839A2F05C7}.Debug|Any CPU.Build.0 = Debug|Any CPU
		{F26EEA3B-4EFF-4B34-8F79-B5839A2F05C7}.Debug|x64.ActiveCfg = Debug|Any CPU
		{F26EEA3B-4EFF-4B34-8F79-B5839A2F05C7}.Debug|x64.Build.0 = Debug|Any CPU
		{F26EEA3B-4EFF-4B34-8F79-B5839A2F05C7}.Debug|x86.ActiveCfg = Debug|Any CPU
		{F26EEA3B-4EFF-4B34-8F79-B5839A2F05C7}.Debug|x86.Build.0 = Debug|Any CPU
		{F26EEA3B-4EFF-4B34-8F79-B5839A2F05C7}.Release|Any CPU.ActiveCfg = Release|Any CPU
		{F26EEA3B-4EFF-4B34-8F79-B5839A2F05C7}.Release|Any CPU.Build.0 = Release|Any CPU
		{F26EEA3B-4EFF-4B34-8F79-B5839A2F05C7}.Release|x64.ActiveCfg = Release|Any CPU
		{F26EEA3B-4EFF-4B34-8F79-B5839A2F05C7}.Release|x64.Build.0 = Release|Any CPU
		{F26EEA3B-4EFF-4B34-8F79-B5839A2F05C7}.Release|x86.ActiveCfg = Release|Any CPU
		{F26EEA3B-4EFF-4B34-8F79-B5839A2F05C7}.Release|x86.Build.0 = Release|Any CPU
		{7EFD64D7-2119-4B73-8C0E-9995DD85B82E}.Debug|Any CPU.ActiveCfg = Debug|Any CPU
		{7EFD64D7-2119-4B73-8C0E-9995DD85B82E}.Debug|Any CPU.Build.0 = Debug|Any CPU
		{7EFD64D7-2119-4B73-8C0E-9995DD85B82E}.Debug|x64.ActiveCfg = Debug|Any CPU
		{7EFD64D7-2119-4B73-8C0E-9995DD85B82E}.Debug|x64.Build.0 = Debug|Any CPU
		{7EFD64D7-2119-4B73-8C0E-9995DD85B82E}.Debug|x86.ActiveCfg = Debug|Any CPU
		{7EFD64D7-2119-4B73-8C0E-9995DD85B82E}.Debug|x86.Build.0 = Debug|Any CPU
		{7EFD64D7-2119-4B73-8C0E-9995DD85B82E}.Release|Any CPU.ActiveCfg = Release|Any CPU
		{7EFD64D7-2119-4B73-8C0E-9995DD85B82E}.Release|Any CPU.Build.0 = Release|Any CPU
		{7EFD64D7-2119-4B73-8C0E-9995DD85B82E}.Release|x64.ActiveCfg = Release|Any CPU
		{7EFD64D7-2119-4B73-8C0E-9995DD85B82E}.Release|x64.Build.0 = Release|Any CPU
		{7EFD64D7-2119-4B73-8C0E-9995DD85B82E}.Release|x86.ActiveCfg = Release|Any CPU
		{7EFD64D7-2119-4B73-8C0E-9995DD85B82E}.Release|x86.Build.0 = Release|Any CPU
	EndGlobalSection
	GlobalSection(SolutionProperties) = preSolution
		HideSolutionNode = FALSE
	EndGlobalSection
	GlobalSection(ExtensibilityGlobals) = postSolution
		SolutionGuid = {02D248B4-3A5B-4968-8211-18439E19AE10}
	EndGlobalSection
EndGlobal
